
Microsoft Visual Studio Solution File, Format Version 11.00
# Visual Studio 2010
Project("{FAE04EC0-301F-11D3-BF4B-00C04F79EFBC}") = "meta_project1525456207", "meta_project1525456207.csproj", "{DB8F1B91-2DCA-44CB-96FD-08B00A090DBF}"
EndProject
Global
	GlobalSection(SolutionConfigurationPlatforms) = preSolution
		Debug|Any CPU = Debug|Any CPU
		Release|Any CPU = Release|Any CPU
	EndGlobalSection
	GlobalSection(ProjectConfigurationPlatforms) = postSolution
		{DB8F1B91-2DCA-44CB-96FD-08B00A090DBF}.Debug|Any CPU.ActiveCfg = Debug|Any CPU
		{DB8F1B91-2DCA-44CB-96FD-08B00A090DBF}.Debug|Any CPU.Build.0 = Debug|Any CPU
		{DB8F1B91-2DCA-44CB-96FD-08B00A090DBF}.Release|Any CPU.ActiveCfg = Release|Any CPU
		{DB8F1B91-2DCA-44CB-96FD-08B00A090DBF}.Release|Any CPU.Build.0 = Release|Any CPU
	EndGlobalSection
	GlobalSection(SolutionProperties) = preSolution
		HideSolutionNode = FALSE
	EndGlobalSection
EndGlobal
